
Microsoft Visual Studio Solution File, Format Version 12.00
# Visual Studio Version 17
VisualStudioVersion = 17.2.32519.379
MinimumVisualStudioVersion = 10.0.40219.1
Project("{FAE04EC0-301F-11D3-BF4B-00C04F79EFBC}") = "eTickets", "eTickets\eTickets.csproj", "{D9000587-787F-480B-B171-6C42C9457103}"
EndProject
Global
	GlobalSection(SolutionConfigurationPlatforms) = preSolution
		Debug|Any CPU = Debug|Any CPU
		Release|Any CPU = Release|Any CPU
	EndGlobalSection
	GlobalSection(ProjectConfigurationPlatforms) = postSolution
		{D9000587-787F-480B-B171-6C42C9457103}.Debug|Any CPU.ActiveCfg = Debug|Any CPU
		{D9000587-787F-480B-B171-6C42C9457103}.Debug|Any CPU.Build.0 = Debug|Any CPU
		{D9000587-787F-480B-B171-6C42C9457103}.Release|Any CPU.ActiveCfg = Release|Any CPU
		{D9000587-787F-480B-B171-6C42C9457103}.Release|Any CPU.Build.0 = Release|Any CPU
	EndGlobalSection
	GlobalSection(SolutionProperties) = preSolution
		HideSolutionNode = FALSE
	EndGlobalSection
	GlobalSection(ExtensibilityGlobals) = postSolution
		SolutionGuid = {ED27D02C-768D-4C82-8262-5002C7BF0480}
	EndGlobalSection
EndGlobal
